
Microsoft Visual Studio Solution File, Format Version 12.00
# Visual Studio Version 17
VisualStudioVersion = 17.14.36804.6 d17.14
MinimumVisualStudioVersion = 10.0.40219.1
Project("{FAE04EC0-301F-11D3-BF4B-00C04F79EFBC}") = "AdvancedForm", "AdvancedForm.csproj", "{1A22F187-10FD-4A02-9E62-9CEC2697C5E1}"
EndProject
Global
	GlobalSection(SolutionConfigurationPlatforms) = preSolution
		Debug|Any CPU = Debug|Any CPU
		Release|Any CPU = Release|Any CPU
	EndGlobalSection
	GlobalSection(ProjectConfigurationPlatforms) = postSolution
		{1A22F187-10FD-4A02-9E62-9CEC2697C5E1}.Debug|Any CPU.ActiveCfg = Debug|Any CPU
		{1A22F187-10FD-4A02-9E62-9CEC2697C5E1}.Debug|Any CPU.Build.0 = Debug|Any CPU
		{1A22F187-10FD-4A02-9E62-9CEC2697C5E1}.Release|Any CPU.ActiveCfg = Release|Any CPU
		{1A22F187-10FD-4A02-9E62-9CEC2697C5E1}.Release|Any CPU.Build.0 = Release|Any CPU
	EndGlobalSection
	GlobalSection(SolutionProperties) = preSolution
		HideSolutionNode = FALSE
	EndGlobalSection
	GlobalSection(ExtensibilityGlobals) = postSolution
		SolutionGuid = {E018F769-F449-4ADD-BDC4-6D5760FD9348}
	EndGlobalSection
EndGlobal
